
Microsoft Visual Studio Solution File, Format Version 12.00
# Visual Studio Version 17
VisualStudioVersion = 17.9.34728.123
MinimumVisualStudioVersion = 10.0.40219.1
Project("{FAE04EC0-301F-11D3-BF4B-00C04F79EFBC}") = "WishIKnewThat", "WishIKnewThat.csproj", "{3351B7B0-899F-41AD-A01B-75C0ACBE3D8D}"
EndProject
Global
	GlobalSection(SolutionConfigurationPlatforms) = preSolution
		Debug|Any CPU = Debug|Any CPU
		Release|Any CPU = Release|Any CPU
	EndGlobalSection
	GlobalSection(ProjectConfigurationPlatforms) = postSolution
		{3351B7B0-899F-41AD-A01B-75C0ACBE3D8D}.Debug|Any CPU.ActiveCfg = Debug|Any CPU
		{3351B7B0-899F-41AD-A01B-75C0ACBE3D8D}.Debug|Any CPU.Build.0 = Debug|Any CPU
		{3351B7B0-899F-41AD-A01B-75C0ACBE3D8D}.Release|Any CPU.ActiveCfg = Release|Any CPU
		{3351B7B0-899F-41AD-A01B-75C0ACBE3D8D}.Release|Any CPU.Build.0 = Release|Any CPU
	EndGlobalSection
	GlobalSection(SolutionProperties) = preSolution
		HideSolutionNode = FALSE
	EndGlobalSection
	GlobalSection(ExtensibilityGlobals) = postSolution
		SolutionGuid = {737DD190-2323-4F5F-82BA-995A69A2567D}
	EndGlobalSection
EndGlobal
